// !$*UTF8*$!
{
	archiveVersion = 1;
	classes = {
	};
	objectVersion = 77;
	objects = {

/* Begin PBXBuildFile section */
		93551D222F3796F9007170EE /* FirebaseAuth in Frameworks */ = {isa = PBXBuildFile; productRef = 93FA00012F29B00000000001 /* FirebaseAuth */; };
		93552C172F37B410007170EE /* GoogleSignIn in Frameworks */ = {isa = PBXBuildFile; productRef = 93GS00022F30000000000002 /* GoogleSignIn */; };
		93552C182F37B410007170EE /* GoogleSignInSwift in Frameworks */ = {isa = PBXBuildFile; productRef = 93GS00032F30000000000003 /* GoogleSignInSwift */; };
		9363F30B2EAA75FD00DBC274 /* LaunchScreen.storyboard in Resources */ = {isa = PBXBuildFile; fileRef = 9363F30A2EAA75FD00DBC274 /* LaunchScreen.storyboard */; };
		936ABB052E9ACBAD003A92A1 /* ExchangeHostPolicy.swift in Sources */ = {isa = PBXBuildFile; fileRef = 936ABB042E9ACBAD003A92A1 /* ExchangeHostPolicy.swift */; };
		9388A57B2F28F79800E2D354 /* FirebaseAI in Frameworks */ = {isa = PBXBuildFile; productRef = 9388A57A2F28F79800E2D354 /* FirebaseAI */; };
		9388A57D2F28F79800E2D354 /* FirebaseAILogic in Frameworks */ = {isa = PBXBuildFile; productRef = 9388A57C2F28F79800E2D354 /* FirebaseAILogic */; };
		9388A57F2F28F79800E2D354 /* FirebaseAnalytics in Frameworks */ = {isa = PBXBuildFile; productRef = 9388A57E2F28F79800E2D354 /* FirebaseAnalytics */; };
		9388A5812F28F79800E2D354 /* FirebaseAnalyticsCore in Frameworks */ = {isa = PBXBuildFile; productRef = 9388A5802F28F79800E2D354 /* FirebaseAnalyticsCore */; };
		9388A5832F28F79800E2D354 /* FirebaseAnalyticsIdentitySupport in Frameworks */ = {isa = PBXBuildFile; productRef = 9388A5822F28F79800E2D354 /* FirebaseAnalyticsIdentitySupport */; };
		9388A5852F28F79800E2D354 /* FirebaseFirestore in Frameworks */ = {isa = PBXBuildFile; productRef = 9388A5842F28F79800E2D354 /* FirebaseFirestore */; };
		9388AFB62F2940E900E2D354 /* GoogleMobileAds in Frameworks */ = {isa = PBXBuildFile; productRef = 93AD0002F29A00000000AD02 /* GoogleMobileAds */; };
		93E56D012E8E0C40000D56F0 /* CryptoNewsRSS.swift in Sources */ = {isa = PBXBuildFile; fileRef = 93E56D002E8E0C3F000D56F0 /* CryptoNewsRSS.swift */; };
		93E56D032E8E12B4000D56F0 /* StaticNewsSeed.swift in Sources */ = {isa = PBXBuildFile; fileRef = 93E56D022E8E12B4000D56F0 /* StaticNewsSeed.swift */; };
		93E56D052E8E1BD1000D56F0 /* ThumbnailResolver.swift in Sources */ = {isa = PBXBuildFile; fileRef = 93E56D042E8E1BD1000D56F0 /* ThumbnailResolver.swift */; };
		93FS00012F40000000000001 /* FirebaseStorage in Frameworks */ = {isa = PBXBuildFile; productRef = 93FS00022F40000000000002 /* FirebaseStorage */; };
		93FC00012F50000000000001 /* FirebaseCrashlytics in Frameworks */ = {isa = PBXBuildFile; productRef = 93FC00022F50000000000002 /* FirebaseCrashlytics */; };
/* End PBXBuildFile section */

/* Begin PBXContainerItemProxy section */
		826ACF932DC47BFF0054954D /* PBXContainerItemProxy */ = {
			isa = PBXContainerItemProxy;
			containerPortal = 826ACF7D2DC47BFE0054954D /* Project object */;
			proxyType = 1;
			remoteGlobalIDString = 826ACF842DC47BFE0054954D;
			remoteInfo = CryptoSage;
		};
		826ACF9D2DC47BFF0054954D /* PBXContainerItemProxy */ = {
			isa = PBXContainerItemProxy;
			containerPortal = 826ACF7D2DC47BFE0054954D /* Project object */;
			proxyType = 1;
			remoteGlobalIDString = 826ACF842DC47BFE0054954D;
			remoteInfo = CryptoSage;
		};
/* End PBXContainerItemProxy section */

/* Begin PBXFileReference section */
		826ACF852DC47BFE0054954D /* CryptoSage.app */ = {isa = PBXFileReference; explicitFileType = wrapper.application; includeInIndex = 0; path = CryptoSage.app; sourceTree = BUILT_PRODUCTS_DIR; };
		826ACF922DC47BFF0054954D /* CryptoSageTests.xctest */ = {isa = PBXFileReference; explicitFileType = wrapper.cfbundle; includeInIndex = 0; path = CryptoSageTests.xctest; sourceTree = BUILT_PRODUCTS_DIR; };
		826ACF9C2DC47BFF0054954D /* CryptoSageUITests.xctest */ = {isa = PBXFileReference; explicitFileType = wrapper.cfbundle; includeInIndex = 0; path = CryptoSageUITests.xctest; sourceTree = BUILT_PRODUCTS_DIR; };
		9363F30A2EAA75FD00DBC274 /* LaunchScreen.storyboard */ = {isa = PBXFileReference; lastKnownFileType = file.storyboard; path = LaunchScreen.storyboard; sourceTree = "<group>"; };
		936ABB042E9ACBAD003A92A1 /* ExchangeHostPolicy.swift */ = {isa = PBXFileReference; lastKnownFileType = sourcecode.swift; path = ExchangeHostPolicy.swift; sourceTree = "<group>"; };
		93E56D002E8E0C3F000D56F0 /* CryptoNewsRSS.swift */ = {isa = PBXFileReference; lastKnownFileType = sourcecode.swift; path = CryptoNewsRSS.swift; sourceTree = "<group>"; };
		93E56D022E8E12B4000D56F0 /* StaticNewsSeed.swift */ = {isa = PBXFileReference; lastKnownFileType = sourcecode.swift; path = StaticNewsSeed.swift; sourceTree = "<group>"; };
		93E56D042E8E1BD1000D56F0 /* ThumbnailResolver.swift */ = {isa = PBXFileReference; lastKnownFileType = sourcecode.swift; path = ThumbnailResolver.swift; sourceTree = "<group>"; };
/* End PBXFileReference section */

/* Begin PBXFileSystemSynchronizedBuildFileExceptionSet section */
		938994C32EA13837002A0ED9 /* Exceptions for "CryptoSage" folder in "CryptoSage" target */ = {
			isa = PBXFileSystemSynchronizedBuildFileExceptionSet;
			membershipExceptions = (
				"CryptoSage-Info.plist",
			);
			target = 826ACF842DC47BFE0054954D /* CryptoSage */;
		};
/* End PBXFileSystemSynchronizedBuildFileExceptionSet section */

/* Begin PBXFileSystemSynchronizedRootGroup section */
		826ACF872DC47BFE0054954D /* CryptoSage */ = {
			isa = PBXFileSystemSynchronizedRootGroup;
			exceptions = (
				938994C32EA13837002A0ED9 /* Exceptions for "CryptoSage" folder in "CryptoSage" target */,
			);
			path = CryptoSage;
			sourceTree = "<group>";
		};
		826ACF952DC47BFF0054954D /* CryptoSageTests */ = {
			isa = PBXFileSystemSynchronizedRootGroup;
			path = CryptoSageTests;
			sourceTree = "<group>";
		};
		826ACF9F2DC47BFF0054954D /* CryptoSageUITests */ = {
			isa = PBXFileSystemSynchronizedRootGroup;
			path = CryptoSageUITests;
			sourceTree = "<group>";
		};
/* End PBXFileSystemSynchronizedRootGroup section */

/* Begin PBXFrameworksBuildPhase section */
		826ACF822DC47BFE0054954D /* Frameworks */ = {
			isa = PBXFrameworksBuildPhase;
			buildActionMask = 2147483647;
			files = (
				93552C182F37B410007170EE /* GoogleSignInSwift in Frameworks */,
				93552C172F37B410007170EE /* GoogleSignIn in Frameworks */,
				93551D222F3796F9007170EE /* FirebaseAuth in Frameworks */,
				9388AFB62F2940E900E2D354 /* GoogleMobileAds in Frameworks */,
				9388A57D2F28F79800E2D354 /* FirebaseAILogic in Frameworks */,
				9388A5832F28F79800E2D354 /* FirebaseAnalyticsIdentitySupport in Frameworks */,
				9388A57B2F28F79800E2D354 /* FirebaseAI in Frameworks */,
				9388A57F2F28F79800E2D354 /* FirebaseAnalytics in Frameworks */,
				9388A5812F28F79800E2D354 /* FirebaseAnalyticsCore in Frameworks */,
				9388A5852F28F79800E2D354 /* FirebaseFirestore in Frameworks */,
				93FS00012F40000000000001 /* FirebaseStorage in Frameworks */,
				93FC00012F50000000000001 /* FirebaseCrashlytics in Frameworks */,
			);
			runOnlyForDeploymentPostprocessing = 0;
		};
		826ACF8F2DC47BFF0054954D /* Frameworks */ = {
			isa = PBXFrameworksBuildPhase;
			buildActionMask = 2147483647;
			files = (
			);
			runOnlyForDeploymentPostprocessing = 0;
		};
		826ACF992DC47BFF0054954D /* Frameworks */ = {
			isa = PBXFrameworksBuildPhase;
			buildActionMask = 2147483647;
			files = (
			);
			runOnlyForDeploymentPostprocessing = 0;
		};
/* End PBXFrameworksBuildPhase section */

/* Begin PBXGroup section */
		826ACF7C2DC47BFE0054954D = {
			isa = PBXGroup;
			children = (
				9363F30A2EAA75FD00DBC274 /* LaunchScreen.storyboard */,
				826ACF872DC47BFE0054954D /* CryptoSage */,
				826ACF952DC47BFF0054954D /* CryptoSageTests */,
				826ACF9F2DC47BFF0054954D /* CryptoSageUITests */,
				826ACF862DC47BFE0054954D /* Products */,
				93E56D002E8E0C3F000D56F0 /* CryptoNewsRSS.swift */,
				93E56D022E8E12B4000D56F0 /* StaticNewsSeed.swift */,
				93E56D042E8E1BD1000D56F0 /* ThumbnailResolver.swift */,
				936ABB042E9ACBAD003A92A1 /* ExchangeHostPolicy.swift */,
			);
			sourceTree = "<group>";
		};
		826ACF862DC47BFE0054954D /* Products */ = {
			isa = PBXGroup;
			children = (
				826ACF852DC47BFE0054954D /* CryptoSage.app */,
				826ACF922DC47BFF0054954D /* CryptoSageTests.xctest */,
				826ACF9C2DC47BFF0054954D /* CryptoSageUITests.xctest */,
			);
			name = Products;
			sourceTree = "<group>";
		};
/* End PBXGroup section */

/* Begin PBXNativeTarget section */
		826ACF842DC47BFE0054954D /* CryptoSage */ = {
			isa = PBXNativeTarget;
			buildConfigurationList = 826ACFA62DC47BFF0054954D /* Build configuration list for PBXNativeTarget "CryptoSage" */;
			buildPhases = (
				826ACF812DC47BFE0054954D /* Sources */,
				826ACF822DC47BFE0054954D /* Frameworks */,
				826ACF832DC47BFE0054954D /* Resources */,
			);
			buildRules = (
			);
			dependencies = (
			);
			fileSystemSynchronizedGroups = (
				826ACF872DC47BFE0054954D /* CryptoSage */,
			);
			name = CryptoSage;
			packageProductDependencies = (
				9388A57A2F28F79800E2D354 /* FirebaseAI */,
				9388A57C2F28F79800E2D354 /* FirebaseAILogic */,
				9388A57E2F28F79800E2D354 /* FirebaseAnalytics */,
				9388A5802F28F79800E2D354 /* FirebaseAnalyticsCore */,
				9388A5822F28F79800E2D354 /* FirebaseAnalyticsIdentitySupport */,
				9388A5842F28F79800E2D354 /* FirebaseFirestore */,
				93FS00022F40000000000002 /* FirebaseStorage */,
				93FC00022F50000000000002 /* FirebaseCrashlytics */,
				93AD0002F29A00000000AD02 /* GoogleMobileAds */,
				93FA00012F29B00000000001 /* FirebaseAuth */,
				93GS00022F30000000000002 /* GoogleSignIn */,
				93GS00032F30000000000003 /* GoogleSignInSwift */,
			);
			productName = CryptoSage;
			productReference = 826ACF852DC47BFE0054954D /* CryptoSage.app */;
			productType = "com.apple.product-type.application";
		};
		826ACF912DC47BFF0054954D /* CryptoSageTests */ = {
			isa = PBXNativeTarget;
			buildConfigurationList = 826ACFA92DC47BFF0054954D /* Build configuration list for PBXNativeTarget "CryptoSageTests" */;
			buildPhases = (
				826ACF8E2DC47BFF0054954D /* Sources */,
				826ACF8F2DC47BFF0054954D /* Frameworks */,
				826ACF902DC47BFF0054954D /* Resources */,
			);
			buildRules = (
			);
			dependencies = (
				826ACF942DC47BFF0054954D /* PBXTargetDependency */,
			);
			fileSystemSynchronizedGroups = (
				826ACF952DC47BFF0054954D /* CryptoSageTests */,
			);
			name = CryptoSageTests;
			packageProductDependencies = (
			);
			productName = CryptoSageTests;
			productReference = 826ACF922DC47BFF0054954D /* CryptoSageTests.xctest */;
			productType = "com.apple.product-type.bundle.unit-test";
		};
		826ACF9B2DC47BFF0054954D /* CryptoSageUITests */ = {
			isa = PBXNativeTarget;
			buildConfigurationList = 826ACFAC2DC47BFF0054954D /* Build configuration list for PBXNativeTarget "CryptoSageUITests" */;
			buildPhases = (
				826ACF982DC47BFF0054954D /* Sources */,
				826ACF992DC47BFF0054954D /* Frameworks */,
				826ACF9A2DC47BFF0054954D /* Resources */,
			);
			buildRules = (
			);
			dependencies = (
				826ACF9E2DC47BFF0054954D /* PBXTargetDependency */,
			);
			fileSystemSynchronizedGroups = (
				826ACF9F2DC47BFF0054954D /* CryptoSageUITests */,
			);
			name = CryptoSageUITests;
			packageProductDependencies = (
			);
			productName = CryptoSageUITests;
			productReference = 826ACF9C2DC47BFF0054954D /* CryptoSageUITests.xctest */;
			productType = "com.apple.product-type.bundle.ui-testing";
		};
/* End PBXNativeTarget section */

/* Begin PBXProject section */
		826ACF7D2DC47BFE0054954D /* Project object */ = {
			isa = PBXProject;
			attributes = {
				BuildIndependentTargetsInParallel = 1;
				LastSwiftUpdateCheck = 1630;
				LastUpgradeCheck = 2610;
				TargetAttributes = {
					826ACF842DC47BFE0054954D = {
						CreatedOnToolsVersion = 16.3;
						LastSwiftMigration = 1630;
					};
					826ACF912DC47BFF0054954D = {
						CreatedOnToolsVersion = 16.3;
						TestTargetID = 826ACF842DC47BFE0054954D;
					};
					826ACF9B2DC47BFF0054954D = {
						CreatedOnToolsVersion = 16.3;
						TestTargetID = 826ACF842DC47BFE0054954D;
					};
				};
			};
			buildConfigurationList = 826ACF802DC47BFE0054954D /* Build configuration list for PBXProject "CryptoSage" */;
			developmentRegion = en;
			hasScannedForEncodings = 0;
			knownRegions = (
				en,
				Base,
			);
			mainGroup = 826ACF7C2DC47BFE0054954D;
			minimizedProjectReferenceProxies = 1;
			packageReferences = (
				9388A5792F28F79800E2D354 /* XCRemoteSwiftPackageReference "firebase-ios-sdk" */,
				93AD0001F29A00000000AD01 /* XCRemoteSwiftPackageReference "swift-package-manager-google-mobile-ads" */,
				93GS00012F30000000000001 /* XCRemoteSwiftPackageReference "GoogleSignIn-iOS" */,
			);
			preferredProjectObjectVersion = 77;
			productRefGroup = 826ACF862DC47BFE0054954D /* Products */;
			projectDirPath = "";
			projectRoot = "";
			targets = (
				826ACF842DC47BFE0054954D /* CryptoSage */,
				826ACF912DC47BFF0054954D /* CryptoSageTests */,
				826ACF9B2DC47BFF0054954D /* CryptoSageUITests */,
			);
		};
/* End PBXProject section */

/* Begin PBXResourcesBuildPhase section */
		826ACF832DC47BFE0054954D /* Resources */ = {
			isa = PBXResourcesBuildPhase;
			buildActionMask = 2147483647;
			files = (
				9363F30B2EAA75FD00DBC274 /* LaunchScreen.storyboard in Resources */,
			);
			runOnlyForDeploymentPostprocessing = 0;
		};
		826ACF902DC47BFF0054954D /* Resources */ = {
			isa = PBXResourcesBuildPhase;
			buildActionMask = 2147483647;
			files = (
			);
			runOnlyForDeploymentPostprocessing = 0;
		};
		826ACF9A2DC47BFF0054954D /* Resources */ = {
			isa = PBXResourcesBuildPhase;
			buildActionMask = 2147483647;
			files = (
			);
			runOnlyForDeploymentPostprocessing = 0;
		};
/* End PBXResourcesBuildPhase section */

/* Begin PBXSourcesBuildPhase section */
		826ACF812DC47BFE0054954D /* Sources */ = {
			isa = PBXSourcesBuildPhase;
			buildActionMask = 2147483647;
			files = (
				936ABB052E9ACBAD003A92A1 /* ExchangeHostPolicy.swift in Sources */,
				93E56D012E8E0C40000D56F0 /* CryptoNewsRSS.swift in Sources */,
				93E56D052E8E1BD1000D56F0 /* ThumbnailResolver.swift in Sources */,
				93E56D032E8E12B4000D56F0 /* StaticNewsSeed.swift in Sources */,
			);
			runOnlyForDeploymentPostprocessing = 0;
		};
		826ACF8E2DC47BFF0054954D /* Sources */ = {
			isa = PBXSourcesBuildPhase;
			buildActionMask = 2147483647;
			files = (
			);
			runOnlyForDeploymentPostprocessing = 0;
		};
		826ACF982DC47BFF0054954D /* Sources */ = {
			isa = PBXSourcesBuildPhase;
			buildActionMask = 2147483647;
			files = (
			);
			runOnlyForDeploymentPostprocessing = 0;
		};
/* End PBXSourcesBuildPhase section */

/* Begin PBXTargetDependency section */
		826ACF942DC47BFF0054954D /* PBXTargetDependency */ = {
			isa = PBXTargetDependency;
			target = 826ACF842DC47BFE0054954D /* CryptoSage */;
			targetProxy = 826ACF932DC47BFF0054954D /* PBXContainerItemProxy */;
		};
		826ACF9E2DC47BFF0054954D /* PBXTargetDependency */ = {
			isa = PBXTargetDependency;
			target = 826ACF842DC47BFE0054954D /* CryptoSage */;
			targetProxy = 826ACF9D2DC47BFF0054954D /* PBXContainerItemProxy */;
		};
/* End PBXTargetDependency section */

/* Begin XCBuildConfiguration section */
		826ACFA42DC47BFF0054954D /* Debug */ = {
			isa = XCBuildConfiguration;
			buildSettings = {
				ALWAYS_SEARCH_USER_PATHS = NO;
				ASSETCATALOG_COMPILER_GENERATE_SWIFT_ASSET_SYMBOL_EXTENSIONS = YES;
				CLANG_ANALYZER_NONNULL = YES;
				CLANG_ANALYZER_NUMBER_OBJECT_CONVERSION = YES_AGGRESSIVE;
				CLANG_CXX_LANGUAGE_STANDARD = "gnu++20";
				CLANG_ENABLE_MODULES = YES;
				CLANG_ENABLE_OBJC_ARC = YES;
				CLANG_ENABLE_OBJC_WEAK = YES;
				CLANG_WARN_BLOCK_CAPTURE_AUTORELEASING = YES;
				CLANG_WARN_BOOL_CONVERSION = YES;
				CLANG_WARN_COMMA = YES;
				CLANG_WARN_CONSTANT_CONVERSION = YES;
				CLANG_WARN_DEPRECATED_OBJC_IMPLEMENTATIONS = YES;
				CLANG_WARN_DIRECT_OBJC_ISA_USAGE = YES_ERROR;
				CLANG_WARN_DOCUMENTATION_COMMENTS = YES;
				CLANG_WARN_EMPTY_BODY = YES;
				CLANG_WARN_ENUM_CONVERSION = YES;
				CLANG_WARN_INFINITE_RECURSION = YES;
				CLANG_WARN_INT_CONVERSION = YES;
				CLANG_WARN_NON_LITERAL_NULL_CONVERSION = YES;
				CLANG_WARN_OBJC_IMPLICIT_RETAIN_SELF = YES;
				CLANG_WARN_OBJC_LITERAL_CONVERSION = YES;
				CLANG_WARN_OBJC_ROOT_CLASS = YES_ERROR;
				CLANG_WARN_QUOTED_INCLUDE_IN_FRAMEWORK_HEADER = YES;
				CLANG_WARN_RANGE_LOOP_ANALYSIS = YES;
				CLANG_WARN_STRICT_PROTOTYPES = YES;
				CLANG_WARN_SUSPICIOUS_MOVE = YES;
				CLANG_WARN_UNGUARDED_AVAILABILITY = YES_AGGRESSIVE;
				CLANG_WARN_UNREACHABLE_CODE = YES;
				CLANG_WARN__DUPLICATE_METHOD_MATCH = YES;
				COPY_PHASE_STRIP = NO;
				DEBUG_INFORMATION_FORMAT = dwarf;
				DEVELOPMENT_TEAM = 8AC94HX753;
				ENABLE_STRICT_OBJC_MSGSEND = YES;
				ENABLE_TESTABILITY = YES;
				ENABLE_USER_SCRIPT_SANDBOXING = YES;
				GCC_C_LANGUAGE_STANDARD = gnu17;
				GCC_DYNAMIC_NO_PIC = NO;
				GCC_NO_COMMON_BLOCKS = YES;
				GCC_OPTIMIZATION_LEVEL = 0;
				GCC_PREPROCESSOR_DEFINITIONS = (
					"DEBUG=1",
					"$(inherited)",
				);
				GCC_WARN_64_TO_32_BIT_CONVERSION = YES;
				GCC_WARN_ABOUT_RETURN_TYPE = YES_ERROR;
				GCC_WARN_UNDECLARED_SELECTOR = YES;
				GCC_WARN_UNINITIALIZED_AUTOS = YES_AGGRESSIVE;
				GCC_WARN_UNUSED_FUNCTION = YES;
				GCC_WARN_UNUSED_VARIABLE = YES;
				INFOPLIST_FILE = "$(SRCROOT)/CryptoSage/CryptoSage-Info.plist";
				INFOPLIST_OUTPUT_FORMAT = binary;
				IPHONEOS_DEPLOYMENT_TARGET = 18.4;
				LOCALIZATION_PREFERS_STRING_CATALOGS = YES;
				MTL_ENABLE_DEBUG_INFO = INCLUDE_SOURCE;
				MTL_FAST_MATH = YES;
				ONLY_ACTIVE_ARCH = YES;
				SDKROOT = iphoneos;
				STRING_CATALOG_GENERATE_SYMBOLS = YES;
				SWIFT_ACTIVE_COMPILATION_CONDITIONS = "DEBUG $(inherited)";
				SWIFT_OPTIMIZATION_LEVEL = "-Onone";
				SWIFT_SERIALIZE_DEBUGGING_OPTIONS = NO;
			};
			name = Debug;
		};
		826ACFA52DC47BFF0054954D /* Release */ = {
			isa = XCBuildConfiguration;
			buildSettings = {
				ALWAYS_SEARCH_USER_PATHS = NO;
				ASSETCATALOG_COMPILER_GENERATE_SWIFT_ASSET_SYMBOL_EXTENSIONS = YES;
				CLANG_ANALYZER_NONNULL = YES;
				CLANG_ANALYZER_NUMBER_OBJECT_CONVERSION = YES_AGGRESSIVE;
				CLANG_CXX_LANGUAGE_STANDARD = "gnu++20";
				CLANG_ENABLE_MODULES = YES;
				CLANG_ENABLE_OBJC_ARC = YES;
				CLANG_ENABLE_OBJC_WEAK = YES;
				CLANG_WARN_BLOCK_CAPTURE_AUTORELEASING = YES;
				CLANG_WARN_BOOL_CONVERSION = YES;
				CLANG_WARN_COMMA = YES;
				CLANG_WARN_CONSTANT_CONVERSION = YES;
				CLANG_WARN_DEPRECATED_OBJC_IMPLEMENTATIONS = YES;
				CLANG_WARN_DIRECT_OBJC_ISA_USAGE = YES_ERROR;
				CLANG_WARN_DOCUMENTATION_COMMENTS = YES;
				CLANG_WARN_EMPTY_BODY = YES;
				CLANG_WARN_ENUM_CONVERSION = YES;
				CLANG_WARN_INFINITE_RECURSION = YES;
				CLANG_WARN_INT_CONVERSION = YES;
				CLANG_WARN_NON_LITERAL_NULL_CONVERSION = YES;
				CLANG_WARN_OBJC_IMPLICIT_RETAIN_SELF = YES;
				CLANG_WARN_OBJC_LITERAL_CONVERSION = YES;
				CLANG_WARN_OBJC_ROOT_CLASS = YES_ERROR;
				CLANG_WARN_QUOTED_INCLUDE_IN_FRAMEWORK_HEADER = YES;
				CLANG_WARN_RANGE_LOOP_ANALYSIS = YES;
				CLANG_WARN_STRICT_PROTOTYPES = YES;
				CLANG_WARN_SUSPICIOUS_MOVE = YES;
				CLANG_WARN_UNGUARDED_AVAILABILITY = YES_AGGRESSIVE;
				CLANG_WARN_UNREACHABLE_CODE = YES;
				CLANG_WARN__DUPLICATE_METHOD_MATCH = YES;
				COPY_PHASE_STRIP = NO;
				DEBUG_INFORMATION_FORMAT = "dwarf-with-dsym";
				DEVELOPMENT_TEAM = 8AC94HX753;
				ENABLE_NS_ASSERTIONS = NO;
				ENABLE_STRICT_OBJC_MSGSEND = YES;
				ENABLE_USER_SCRIPT_SANDBOXING = YES;
				GCC_C_LANGUAGE_STANDARD = gnu17;
				GCC_NO_COMMON_BLOCKS = YES;
				GCC_WARN_64_TO_32_BIT_CONVERSION = YES;
				GCC_WARN_ABOUT_RETURN_TYPE = YES_ERROR;
				GCC_WARN_UNDECLARED_SELECTOR = YES;
				GCC_WARN_UNINITIALIZED_AUTOS = YES_AGGRESSIVE;
				GCC_WARN_UNUSED_FUNCTION = YES;
				GCC_WARN_UNUSED_VARIABLE = YES;
				INFOPLIST_FILE = "$(SRCROOT)/CryptoSage/CryptoSage-Info.plist";
				INFOPLIST_OUTPUT_FORMAT = binary;
				IPHONEOS_DEPLOYMENT_TARGET = 18.4;
				LOCALIZATION_PREFERS_STRING_CATALOGS = YES;
				MTL_ENABLE_DEBUG_INFO = NO;
				MTL_FAST_MATH = YES;
				SDKROOT = iphoneos;
				STRING_CATALOG_GENERATE_SYMBOLS = YES;
				SWIFT_COMPILATION_MODE = wholemodule;
				VALIDATE_PRODUCT = YES;
			};
			name = Release;
		};
		826ACFA72DC47BFF0054954D /* Debug */ = {
			isa = XCBuildConfiguration;
			buildSettings = {
				ASSETCATALOG_COMPILER_APPICON_NAME = AppIcon;
				ASSETCATALOG_COMPILER_GENERATE_SWIFT_ASSET_SYMBOLS = NO;
				ASSETCATALOG_COMPILER_GLOBAL_ACCENT_COLOR_NAME = AccentColor;
				CLANG_ENABLE_MODULES = YES;
				CODE_SIGN_IDENTITY = "Apple Development";
				CODE_SIGN_STYLE = Automatic;
				CURRENT_PROJECT_VERSION = 1;
				DEVELOPMENT_TEAM = 8AC94HX753;
				ENABLE_PREVIEWS = YES;
				GENERATE_INFOPLIST_FILE = YES;
				INFOPLIST_FILE = "CryptoSage/CryptoSage-Info.plist";
				INFOPLIST_KEY_CFBundleDisplayName = CryptoSage;
				INFOPLIST_KEY_ITSAppUsesNonExemptEncryption = NO;
				INFOPLIST_KEY_NSPhotoLibraryUsageDescription = "Allow CryptoSage to access your photos to attach images in chat.";
				INFOPLIST_KEY_UIApplicationSupportsIndirectInputEvents = YES;
				INFOPLIST_KEY_UILaunchScreen_Generation = NO;
				INFOPLIST_KEY_UILaunchStoryboardName = LaunchScreen;
				INFOPLIST_KEY_UISupportedInterfaceOrientations_iPad = "UIInterfaceOrientationPortrait UIInterfaceOrientationPortraitUpsideDown UIInterfaceOrientationLandscapeLeft UIInterfaceOrientationLandscapeRight";
				INFOPLIST_KEY_UISupportedInterfaceOrientations_iPhone = "UIInterfaceOrientationPortrait UIInterfaceOrientationLandscapeLeft UIInterfaceOrientationLandscapeRight";
				IPHONEOS_DEPLOYMENT_TARGET = 18.6;
				LD_RUNPATH_SEARCH_PATHS = (
					"$(inherited)",
					"@executable_path/Frameworks",
				);
				MARKETING_VERSION = 1.0;
				PRODUCT_BUNDLE_IDENTIFIER = com.dee.CryptoSage;
				PRODUCT_NAME = "$(TARGET_NAME)";
				PROVISIONING_PROFILE_SPECIFIER = "";
				SUPPORTED_PLATFORMS = "iphoneos iphonesimulator";
				SUPPORTS_MACCATALYST = YES;
				SUPPORTS_MAC_DESIGNED_FOR_IPHONE_IPAD = NO;
				SWIFT_EMIT_LOC_STRINGS = YES;
				SWIFT_OBJC_BRIDGING_HEADER = "CryptoSage/CryptoSage-Bridging-Header.h";
				SWIFT_OPTIMIZATION_LEVEL = "-Onone";
				SWIFT_VERSION = 5.0;
				TARGETED_DEVICE_FAMILY = "1,2";
			};
			name = Debug;
		};
		826ACFA82DC47BFF0054954D /* Release */ = {
			isa = XCBuildConfiguration;
			buildSettings = {
				ASSETCATALOG_COMPILER_APPICON_NAME = AppIcon;
				ASSETCATALOG_COMPILER_GENERATE_SWIFT_ASSET_SYMBOLS = NO;
				ASSETCATALOG_COMPILER_GLOBAL_ACCENT_COLOR_NAME = AccentColor;
				CLANG_ENABLE_MODULES = YES;
				CODE_SIGN_IDENTITY = "Apple Development";
				CODE_SIGN_STYLE = Automatic;
				CURRENT_PROJECT_VERSION = 1;
				DEVELOPMENT_TEAM = 8AC94HX753;
				ENABLE_PREVIEWS = YES;
				GENERATE_INFOPLIST_FILE = YES;
				INFOPLIST_FILE = "CryptoSage/CryptoSage-Info.plist";
				INFOPLIST_KEY_CFBundleDisplayName = CryptoSage;
				INFOPLIST_KEY_ITSAppUsesNonExemptEncryption = NO;
				INFOPLIST_KEY_NSPhotoLibraryUsageDescription = "Allow CryptoSage to access your photos to attach images in chat.";
				INFOPLIST_KEY_UIApplicationSupportsIndirectInputEvents = YES;
				INFOPLIST_KEY_UILaunchScreen_Generation = NO;
				INFOPLIST_KEY_UILaunchStoryboardName = LaunchScreen;
				INFOPLIST_KEY_UISupportedInterfaceOrientations_iPad = "UIInterfaceOrientationPortrait UIInterfaceOrientationPortraitUpsideDown UIInterfaceOrientationLandscapeLeft UIInterfaceOrientationLandscapeRight";
				INFOPLIST_KEY_UISupportedInterfaceOrientations_iPhone = "UIInterfaceOrientationPortrait UIInterfaceOrientationLandscapeLeft UIInterfaceOrientationLandscapeRight";
				IPHONEOS_DEPLOYMENT_TARGET = 18.6;
				LD_RUNPATH_SEARCH_PATHS = (
					"$(inherited)",
					"@executable_path/Frameworks",
				);
				MARKETING_VERSION = 1.0;
				PRODUCT_BUNDLE_IDENTIFIER = com.dee.CryptoSage;
				PRODUCT_NAME = "$(TARGET_NAME)";
				PROVISIONING_PROFILE_SPECIFIER = "";
				SUPPORTED_PLATFORMS = "iphoneos iphonesimulator";
				SUPPORTS_MACCATALYST = YES;
				SUPPORTS_MAC_DESIGNED_FOR_IPHONE_IPAD = NO;
				SWIFT_EMIT_LOC_STRINGS = YES;
				SWIFT_OBJC_BRIDGING_HEADER = "CryptoSage/CryptoSage-Bridging-Header.h";
				SWIFT_VERSION = 5.0;
				TARGETED_DEVICE_FAMILY = "1,2";
			};
			name = Release;
		};
		826ACFAA2DC47BFF0054954D /* Debug */ = {
			isa = XCBuildConfiguration;
			buildSettings = {
				BUNDLE_LOADER = "$(TEST_HOST)";
				CODE_SIGN_STYLE = Automatic;
				CURRENT_PROJECT_VERSION = 1;
				DEVELOPMENT_TEAM = 8AC94HX753;
				GENERATE_INFOPLIST_FILE = YES;
				IPHONEOS_DEPLOYMENT_TARGET = 18.6;
				MARKETING_VERSION = 1.0;
				PRODUCT_BUNDLE_IDENTIFIER = "-7364847878.CryptoSageTests";
				PRODUCT_NAME = "$(TARGET_NAME)";
				SWIFT_EMIT_LOC_STRINGS = NO;
				SWIFT_VERSION = 5.0;
				TARGETED_DEVICE_FAMILY = "1,2";
				TEST_HOST = "$(BUILT_PRODUCTS_DIR)/CryptoSage.app/$(BUNDLE_EXECUTABLE_FOLDER_PATH)/CryptoSage";
			};
			name = Debug;
		};
		826ACFAB2DC47BFF0054954D /* Release */ = {
			isa = XCBuildConfiguration;
			buildSettings = {
				BUNDLE_LOADER = "$(TEST_HOST)";
				CODE_SIGN_STYLE = Automatic;
				CURRENT_PROJECT_VERSION = 1;
				DEVELOPMENT_TEAM = 8AC94HX753;
				GENERATE_INFOPLIST_FILE = YES;
				IPHONEOS_DEPLOYMENT_TARGET = 18.6;
				MARKETING_VERSION = 1.0;
				PRODUCT_BUNDLE_IDENTIFIER = "-7364847878.CryptoSageTests";
				PRODUCT_NAME = "$(TARGET_NAME)";
				SWIFT_EMIT_LOC_STRINGS = NO;
				SWIFT_VERSION = 5.0;
				TARGETED_DEVICE_FAMILY = "1,2";
				TEST_HOST = "$(BUILT_PRODUCTS_DIR)/CryptoSage.app/$(BUNDLE_EXECUTABLE_FOLDER_PATH)/CryptoSage";
			};
			name = Release;
		};
		826ACFAD2DC47BFF0054954D /* Debug */ = {
			isa = XCBuildConfiguration;
			buildSettings = {
				CODE_SIGN_STYLE = Automatic;
				CURRENT_PROJECT_VERSION = 1;
				DEVELOPMENT_TEAM = 8AC94HX753;
				GENERATE_INFOPLIST_FILE = YES;
				IPHONEOS_DEPLOYMENT_TARGET = 18.6;
				MARKETING_VERSION = 1.0;
				PRODUCT_BUNDLE_IDENTIFIER = "-7364847878.CryptoSageUITests";
				PRODUCT_NAME = "$(TARGET_NAME)";
				SWIFT_EMIT_LOC_STRINGS = NO;
				SWIFT_VERSION = 5.0;
				TARGETED_DEVICE_FAMILY = "1,2";
				TEST_TARGET_NAME = CryptoSage;
			};
			name = Debug;
		};
		826ACFAE2DC47BFF0054954D /* Release */ = {
			isa = XCBuildConfiguration;
			buildSettings = {
				CODE_SIGN_STYLE = Automatic;
				CURRENT_PROJECT_VERSION = 1;
				DEVELOPMENT_TEAM = 8AC94HX753;
				GENERATE_INFOPLIST_FILE = YES;
				IPHONEOS_DEPLOYMENT_TARGET = 18.6;
				MARKETING_VERSION = 1.0;
				PRODUCT_BUNDLE_IDENTIFIER = "-7364847878.CryptoSageUITests";
				PRODUCT_NAME = "$(TARGET_NAME)";
				SWIFT_EMIT_LOC_STRINGS = NO;
				SWIFT_VERSION = 5.0;
				TARGETED_DEVICE_FAMILY = "1,2";
				TEST_TARGET_NAME = CryptoSage;
			};
			name = Release;
		};
/* End XCBuildConfiguration section */

/* Begin XCConfigurationList section */
		826ACF802DC47BFE0054954D /* Build configuration list for PBXProject "CryptoSage" */ = {
			isa = XCConfigurationList;
			buildConfigurations = (
				826ACFA42DC47BFF0054954D /* Debug */,
				826ACFA52DC47BFF0054954D /* Release */,
			);
			defaultConfigurationIsVisible = 0;
			defaultConfigurationName = Release;
		};
		826ACFA62DC47BFF0054954D /* Build configuration list for PBXNativeTarget "CryptoSage" */ = {
			isa = XCConfigurationList;
			buildConfigurations = (
				826ACFA72DC47BFF0054954D /* Debug */,
				826ACFA82DC47BFF0054954D /* Release */,
			);
			defaultConfigurationIsVisible = 0;
			defaultConfigurationName = Release;
		};
		826ACFA92DC47BFF0054954D /* Build configuration list for PBXNativeTarget "CryptoSageTests" */ = {
			isa = XCConfigurationList;
			buildConfigurations = (
				826ACFAA2DC47BFF0054954D /* Debug */,
				826ACFAB2DC47BFF0054954D /* Release */,
			);
			defaultConfigurationIsVisible = 0;
			defaultConfigurationName = Release;
		};
		826ACFAC2DC47BFF0054954D /* Build configuration list for PBXNativeTarget "CryptoSageUITests" */ = {
			isa = XCConfigurationList;
			buildConfigurations = (
				826ACFAD2DC47BFF0054954D /* Debug */,
				826ACFAE2DC47BFF0054954D /* Release */,
			);
			defaultConfigurationIsVisible = 0;
			defaultConfigurationName = Release;
		};
/* End XCConfigurationList section */

/* Begin XCRemoteSwiftPackageReference section */
		9388A5792F28F79800E2D354 /* XCRemoteSwiftPackageReference "firebase-ios-sdk" */ = {
			isa = XCRemoteSwiftPackageReference;
			repositoryURL = "https://github.com/firebase/firebase-ios-sdk";
			requirement = {
				kind = upToNextMajorVersion;
				minimumVersion = 12.8.0;
			};
		};
		93AD0001F29A00000000AD01 /* XCRemoteSwiftPackageReference "swift-package-manager-google-mobile-ads" */ = {
			isa = XCRemoteSwiftPackageReference;
			repositoryURL = "https://github.com/googleads/swift-package-manager-google-mobile-ads.git";
			requirement = {
				kind = upToNextMajorVersion;
				minimumVersion = 11.0.0;
			};
		};
		93GS00012F30000000000001 /* XCRemoteSwiftPackageReference "GoogleSignIn-iOS" */ = {
			isa = XCRemoteSwiftPackageReference;
			repositoryURL = "https://github.com/google/GoogleSignIn-iOS";
			requirement = {
				kind = upToNextMajorVersion;
				minimumVersion = 8.0.0;
			};
		};
/* End XCRemoteSwiftPackageReference section */

/* Begin XCSwiftPackageProductDependency section */
		9388A57A2F28F79800E2D354 /* FirebaseAI */ = {
			isa = XCSwiftPackageProductDependency;
			package = 9388A5792F28F79800E2D354 /* XCRemoteSwiftPackageReference "firebase-ios-sdk" */;
			productName = FirebaseAI;
		};
		9388A57C2F28F79800E2D354 /* FirebaseAILogic */ = {
			isa = XCSwiftPackageProductDependency;
			package = 9388A5792F28F79800E2D354 /* XCRemoteSwiftPackageReference "firebase-ios-sdk" */;
			productName = FirebaseAILogic;
		};
		9388A57E2F28F79800E2D354 /* FirebaseAnalytics */ = {
			isa = XCSwiftPackageProductDependency;
			package = 9388A5792F28F79800E2D354 /* XCRemoteSwiftPackageReference "firebase-ios-sdk" */;
			productName = FirebaseAnalytics;
		};
		9388A5802F28F79800E2D354 /* FirebaseAnalyticsCore */ = {
			isa = XCSwiftPackageProductDependency;
			package = 9388A5792F28F79800E2D354 /* XCRemoteSwiftPackageReference "firebase-ios-sdk" */;
			productName = FirebaseAnalyticsCore;
		};
		9388A5822F28F79800E2D354 /* FirebaseAnalyticsIdentitySupport */ = {
			isa = XCSwiftPackageProductDependency;
			package = 9388A5792F28F79800E2D354 /* XCRemoteSwiftPackageReference "firebase-ios-sdk" */;
			productName = FirebaseAnalyticsIdentitySupport;
		};
		9388A5842F28F79800E2D354 /* FirebaseFirestore */ = {
			isa = XCSwiftPackageProductDependency;
			package = 9388A5792F28F79800E2D354 /* XCRemoteSwiftPackageReference "firebase-ios-sdk" */;
			productName = FirebaseFirestore;
		};
		93AD0002F29A00000000AD02 /* GoogleMobileAds */ = {
			isa = XCSwiftPackageProductDependency;
			package = 93AD0001F29A00000000AD01 /* XCRemoteSwiftPackageReference "swift-package-manager-google-mobile-ads" */;
			productName = GoogleMobileAds;
		};
		93FA00012F29B00000000001 /* FirebaseAuth */ = {
			isa = XCSwiftPackageProductDependency;
			package = 9388A5792F28F79800E2D354 /* XCRemoteSwiftPackageReference "firebase-ios-sdk" */;
			productName = FirebaseAuth;
		};
		93FS00022F40000000000002 /* FirebaseStorage */ = {
			isa = XCSwiftPackageProductDependency;
			package = 9388A5792F28F79800E2D354 /* XCRemoteSwiftPackageReference "firebase-ios-sdk" */;
			productName = FirebaseStorage;
		};
		93FC00022F50000000000002 /* FirebaseCrashlytics */ = {
			isa = XCSwiftPackageProductDependency;
			package = 9388A5792F28F79800E2D354 /* XCRemoteSwiftPackageReference "firebase-ios-sdk" */;
			productName = FirebaseCrashlytics;
		};
		93GS00022F30000000000002 /* GoogleSignIn */ = {
			isa = XCSwiftPackageProductDependency;
			package = 93GS00012F30000000000001 /* XCRemoteSwiftPackageReference "GoogleSignIn-iOS" */;
			productName = GoogleSignIn;
		};
		93GS00032F30000000000003 /* GoogleSignInSwift */ = {
			isa = XCSwiftPackageProductDependency;
			package = 93GS00012F30000000000001 /* XCRemoteSwiftPackageReference "GoogleSignIn-iOS" */;
			productName = GoogleSignInSwift;
		};
/* End XCSwiftPackageProductDependency section */
	};
	rootObject = 826ACF7D2DC47BFE0054954D /* Project object */;
}
